
Microsoft Visual Studio Solution File, Format Version 12.00
# Visual Studio Version 17
VisualStudioVersion = 17.0.31903.59
MinimumVisualStudioVersion = 10.0.40219.1
Project("{2150E333-8FDC-42A3-9474-1A3956D46DE8}") = "src", "src", "{4BDF3577-08ED-49A4-8544-995806A6F6E9}"
EndProject
Project("{FAE04EC0-301F-11D3-BF4B-00C04F79EFBC}") = "AuctionService", "src\AuctionService\AuctionService.csproj", "{389D8FA0-AE1C-46D6-B582-9DD6108F8CA8}"
EndProject
Project("{FAE04EC0-301F-11D3-BF4B-00C04F79EFBC}") = "SearchService", "src\SearchService\SearchService.csproj", "{66CFFE18-3040-4E03-9F2F-E3A1C9E85801}"
EndProject
Project("{FAE04EC0-301F-11D3-BF4B-00C04F79EFBC}") = "Contracts", "src\Contracts\Contracts.csproj", "{DC03A5D5-00F2-442D-A088-3F58A18ACA8D}"
EndProject
Project("{FAE04EC0-301F-11D3-BF4B-00C04F79EFBC}") = "IdentityService", "src\IdentityService\IdentityService.csproj", "{DF20E3C0-CDE3-4159-93FC-9FE6227AA038}"
EndProject
Project("{FAE04EC0-301F-11D3-BF4B-00C04F79EFBC}") = "GatewayService", "src\GatewayService\GatewayService.csproj", "{AAB734E2-C9B0-4411-A497-250B908ED6A0}"
EndProject
Global
	GlobalSection(SolutionConfigurationPlatforms) = preSolution
		Debug|Any CPU = Debug|Any CPU
		Release|Any CPU = Release|Any CPU
	EndGlobalSection
	GlobalSection(SolutionProperties) = preSolution
		HideSolutionNode = FALSE
	EndGlobalSection
	GlobalSection(ProjectConfigurationPlatforms) = postSolution
		{389D8FA0-AE1C-46D6-B582-9DD6108F8CA8}.Debug|Any CPU.ActiveCfg = Debug|Any CPU
		{389D8FA0-AE1C-46D6-B582-9DD6108F8CA8}.Debug|Any CPU.Build.0 = Debug|Any CPU
		{389D8FA0-AE1C-46D6-B582-9DD6108F8CA8}.Release|Any CPU.ActiveCfg = Release|Any CPU
		{389D8FA0-AE1C-46D6-B582-9DD6108F8CA8}.Release|Any CPU.Build.0 = Release|Any CPU
		{66CFFE18-3040-4E03-9F2F-E3A1C9E85801}.Debug|Any CPU.ActiveCfg = Debug|Any CPU
		{66CFFE18-3040-4E03-9F2F-E3A1C9E85801}.Debug|Any CPU.Build.0 = Debug|Any CPU
		{66CFFE18-3040-4E03-9F2F-E3A1C9E85801}.Release|Any CPU.ActiveCfg = Release|Any CPU
		{66CFFE18-3040-4E03-9F2F-E3A1C9E85801}.Release|Any CPU.Build.0 = Release|Any CPU
		{DC03A5D5-00F2-442D-A088-3F58A18ACA8D}.Debug|Any CPU.ActiveCfg = Debug|Any CPU
		{DC03A5D5-00F2-442D-A088-3F58A18ACA8D}.Debug|Any CPU.Build.0 = Debug|Any CPU
		{DC03A5D5-00F2-442D-A088-3F58A18ACA8D}.Release|Any CPU.ActiveCfg = Release|Any CPU
		{DC03A5D5-00F2-442D-A088-3F58A18ACA8D}.Release|Any CPU.Build.0 = Release|Any CPU
		{DF20E3C0-CDE3-4159-93FC-9FE6227AA038}.Debug|Any CPU.ActiveCfg = Debug|Any CPU
		{DF20E3C0-CDE3-4159-93FC-9FE6227AA038}.Debug|Any CPU.Build.0 = Debug|Any CPU
		{DF20E3C0-CDE3-4159-93FC-9FE6227AA038}.Release|Any CPU.ActiveCfg = Release|Any CPU
		{DF20E3C0-CDE3-4159-93FC-9FE6227AA038}.Release|Any CPU.Build.0 = Release|Any CPU
		{AAB734E2-C9B0-4411-A497-250B908ED6A0}.Debug|Any CPU.ActiveCfg = Debug|Any CPU
		{AAB734E2-C9B0-4411-A497-250B908ED6A0}.Debug|Any CPU.Build.0 = Debug|Any CPU
		{AAB734E2-C9B0-4411-A497-250B908ED6A0}.Release|Any CPU.ActiveCfg = Release|Any CPU
		{AAB734E2-C9B0-4411-A497-250B908ED6A0}.Release|Any CPU.Build.0 = Release|Any CPU
	EndGlobalSection
	GlobalSection(NestedProjects) = preSolution
		{389D8FA0-AE1C-46D6-B582-9DD6108F8CA8} = {4BDF3577-08ED-49A4-8544-995806A6F6E9}
		{66CFFE18-3040-4E03-9F2F-E3A1C9E85801} = {4BDF3577-08ED-49A4-8544-995806A6F6E9}
		{DC03A5D5-00F2-442D-A088-3F58A18ACA8D} = {4BDF3577-08ED-49A4-8544-995806A6F6E9}
		{DF20E3C0-CDE3-4159-93FC-9FE6227AA038} = {4BDF3577-08ED-49A4-8544-995806A6F6E9}
		{AAB734E2-C9B0-4411-A497-250B908ED6A0} = {4BDF3577-08ED-49A4-8544-995806A6F6E9}
	EndGlobalSection
EndGlobal
